
Microsoft Visual Studio Solution File, Format Version 12.00
# Visual Studio Version 17
VisualStudioVersion = 17.4.33213.308
MinimumVisualStudioVersion = 10.0.40219.1
Project("{2150E333-8FDC-42A3-9474-1A3956D46DE8}") = "_ref", "_ref", "{AD309A9D-9EE5-45B5-B3D8-3F4F61C36741}"
EndProject
Project("{2150E333-8FDC-42A3-9474-1A3956D46DE8}") = "Driver", "Driver", "{10C0D605-7FCF-49EF-A72A-1ED45AB56FB8}"
EndProject
Project("{2150E333-8FDC-42A3-9474-1A3956D46DE8}") = "Sample", "Sample", "{1F90ED3D-1D51-4D17-993F-6C3C6F18BA3F}"
EndProject
Project("{9A19103F-16F7-4668-BE54-9A1E7A4F7556}") = "Meadow.MBus", "Driver\Meadow.MBus.csproj", "{B3BA9298-D99B-46AA-9D41-A6A9A154CDCB}"
EndProject
Project("{9A19103F-16F7-4668-BE54-9A1E7A4F7556}") = "MBus_Desktop_Sample", "Samples\MBus_Desktop_Sample\MBus_Desktop_Sample.csproj", "{BC0EDEA3-916E-4533-B609-0A005E102870}"
EndProject
Project("{2150E333-8FDC-42A3-9474-1A3956D46DE8}") = "Devices", "Devices", "{512DA550-1FA5-438F-808E-35E15D258BC7}"
EndProject
Project("{2150E333-8FDC-42A3-9474-1A3956D46DE8}") = "Relay M-Bus", "Relay M-Bus", "{B8C34EC3-DED2-49F8-B7F4-766578BFC509}"
EndProject
Project("{2150E333-8FDC-42A3-9474-1A3956D46DE8}") = "Schneider Electric", "Schneider Electric", "{A1F61A37-9414-452E-A1A6-5DA63B99056D}"
EndProject
Project("{9A19103F-16F7-4668-BE54-9A1E7A4F7556}") = "PadPulsM2", "Devices\RelayMBus\PadPulsM2\Driver\PadPulsM2.csproj", "{7D688475-2885-4999-ACF6-A99042F99D48}"
EndProject
Project("{9A19103F-16F7-4668-BE54-9A1E7A4F7556}") = "IEM3135", "Devices\SchneiderElectric\IEM3135\Driver\IEM3135.csproj", "{DA2E48FE-C39A-418B-BB86-B640E66A3213}"
EndProject
Project("{2150E333-8FDC-42A3-9474-1A3956D46DE8}") = "PadPulsM2", "PadPulsM2", "{ECC4C325-CE66-4FD1-8BF2-41271C425C12}"
EndProject
Project("{2150E333-8FDC-42A3-9474-1A3956D46DE8}") = "IEM3135", "IEM3135", "{6E49699D-14EB-46CD-A317-FE12A60B4BE9}"
EndProject
Global
	GlobalSection(SolutionConfigurationPlatforms) = preSolution
		Debug|Any CPU = Debug|Any CPU
		Release|Any CPU = Release|Any CPU
	EndGlobalSection
	GlobalSection(ProjectConfigurationPlatforms) = postSolution
		{B3BA9298-D99B-46AA-9D41-A6A9A154CDCB}.Debug|Any CPU.ActiveCfg = Debug|Any CPU
		{B3BA9298-D99B-46AA-9D41-A6A9A154CDCB}.Debug|Any CPU.Build.0 = Debug|Any CPU
		{B3BA9298-D99B-46AA-9D41-A6A9A154CDCB}.Release|Any CPU.ActiveCfg = Release|Any CPU
		{B3BA9298-D99B-46AA-9D41-A6A9A154CDCB}.Release|Any CPU.Build.0 = Release|Any CPU
		{BC0EDEA3-916E-4533-B609-0A005E102870}.Debug|Any CPU.ActiveCfg = Debug|Any CPU
		{BC0EDEA3-916E-4533-B609-0A005E102870}.Debug|Any CPU.Build.0 = Debug|Any CPU
		{BC0EDEA3-916E-4533-B609-0A005E102870}.Release|Any CPU.ActiveCfg = Release|Any CPU
		{BC0EDEA3-916E-4533-B609-0A005E102870}.Release|Any CPU.Build.0 = Release|Any CPU
		{7D688475-2885-4999-ACF6-A99042F99D48}.Debug|Any CPU.ActiveCfg = Debug|Any CPU
		{7D688475-2885-4999-ACF6-A99042F99D48}.Debug|Any CPU.Build.0 = Debug|Any CPU
		{7D688475-2885-4999-ACF6-A99042F99D48}.Release|Any CPU.ActiveCfg = Release|Any CPU
		{7D688475-2885-4999-ACF6-A99042F99D48}.Release|Any CPU.Build.0 = Release|Any CPU
		{DA2E48FE-C39A-418B-BB86-B640E66A3213}.Debug|Any CPU.ActiveCfg = Debug|Any CPU
		{DA2E48FE-C39A-418B-BB86-B640E66A3213}.Debug|Any CPU.Build.0 = Debug|Any CPU
		{DA2E48FE-C39A-418B-BB86-B640E66A3213}.Release|Any CPU.ActiveCfg = Release|Any CPU
		{DA2E48FE-C39A-418B-BB86-B640E66A3213}.Release|Any CPU.Build.0 = Release|Any CPU
	EndGlobalSection
	GlobalSection(SolutionProperties) = preSolution
		HideSolutionNode = FALSE
	EndGlobalSection
	GlobalSection(NestedProjects) = preSolution
		{B3BA9298-D99B-46AA-9D41-A6A9A154CDCB} = {10C0D605-7FCF-49EF-A72A-1ED45AB56FB8}
		{BC0EDEA3-916E-4533-B609-0A005E102870} = {1F90ED3D-1D51-4D17-993F-6C3C6F18BA3F}
		{B8C34EC3-DED2-49F8-B7F4-766578BFC509} = {512DA550-1FA5-438F-808E-35E15D258BC7}
		{A1F61A37-9414-452E-A1A6-5DA63B99056D} = {512DA550-1FA5-438F-808E-35E15D258BC7}
		{7D688475-2885-4999-ACF6-A99042F99D48} = {ECC4C325-CE66-4FD1-8BF2-41271C425C12}
		{DA2E48FE-C39A-418B-BB86-B640E66A3213} = {6E49699D-14EB-46CD-A317-FE12A60B4BE9}
		{ECC4C325-CE66-4FD1-8BF2-41271C425C12} = {A1F61A37-9414-452E-A1A6-5DA63B99056D}
		{6E49699D-14EB-46CD-A317-FE12A60B4BE9} = {A1F61A37-9414-452E-A1A6-5DA63B99056D}
	EndGlobalSection
	GlobalSection(ExtensibilityGlobals) = postSolution
		SolutionGuid = {BA8CFA32-55F8-4175-8000-7F0DAD8AC3DE}
	EndGlobalSection
EndGlobal
